
Microsoft Visual Studio Solution File, Format Version 12.00
# Visual Studio Version 16
VisualStudioVersion = 16.0.30907.101
MinimumVisualStudioVersion = 10.0.40219.1
Project("{FAE04EC0-301F-11D3-BF4B-00C04F79EFBC}") = "CalendarProject", "CalendarProject.csproj", "{2341616A-7207-42EB-806F-0521A09631C7}"
EndProject
Global
	GlobalSection(SolutionConfigurationPlatforms) = preSolution
		Debug|Any CPU = Debug|Any CPU
		Release|Any CPU = Release|Any CPU
	EndGlobalSection
	GlobalSection(ProjectConfigurationPlatforms) = postSolution
		{2341616A-7207-42EB-806F-0521A09631C7}.Debug|Any CPU.ActiveCfg = Debug|Any CPU
		{2341616A-7207-42EB-806F-0521A09631C7}.Debug|Any CPU.Build.0 = Debug|Any CPU
		{2341616A-7207-42EB-806F-0521A09631C7}.Release|Any CPU.ActiveCfg = Release|Any CPU
		{2341616A-7207-42EB-806F-0521A09631C7}.Release|Any CPU.Build.0 = Release|Any CPU
	EndGlobalSection
	GlobalSection(SolutionProperties) = preSolution
		HideSolutionNode = FALSE
	EndGlobalSection
	GlobalSection(ExtensibilityGlobals) = postSolution
		SolutionGuid = {137CABFD-3F3D-4B32-A23D-3179392634BE}
	EndGlobalSection
EndGlobal
